
Microsoft Visual Studio Solution File, Format Version 12.00
# Visual Studio Version 17
VisualStudioVersion = 17.10.35201.131
MinimumVisualStudioVersion = 10.0.40219.1
Project("{FAE04EC0-301F-11D3-BF4B-00C04F79EFBC}") = "TreeImplementation", "TreeImplementation\TreeImplementation.csproj", "{FD470353-24AC-4EF1-9BB6-B026929759B1}"
EndProject
Project("{FAE04EC0-301F-11D3-BF4B-00C04F79EFBC}") = "TreeTest", "TreeTest\TreeTest.csproj", "{A4D7A353-ECB4-4299-91C9-E81F5B14C9DA}"
EndProject
Project("{2150E333-8FDC-42A3-9474-1A3956D46DE8}") = "Solution Items", "Solution Items", "{25E4EBFF-A631-469B-8016-4E2D9C6F7CE5}"
	ProjectSection(SolutionItems) = preProject
		README.md = README.md
		tree.png = tree.png
	EndProjectSection
EndProject
Global
	GlobalSection(SolutionConfigurationPlatforms) = preSolution
		Debug|Any CPU = Debug|Any CPU
		Release|Any CPU = Release|Any CPU
	EndGlobalSection
	GlobalSection(ProjectConfigurationPlatforms) = postSolution
		{FD470353-24AC-4EF1-9BB6-B026929759B1}.Debug|Any CPU.ActiveCfg = Debug|Any CPU
		{FD470353-24AC-4EF1-9BB6-B026929759B1}.Debug|Any CPU.Build.0 = Debug|Any CPU
		{FD470353-24AC-4EF1-9BB6-B026929759B1}.Release|Any CPU.ActiveCfg = Release|Any CPU
		{FD470353-24AC-4EF1-9BB6-B026929759B1}.Release|Any CPU.Build.0 = Release|Any CPU
		{A4D7A353-ECB4-4299-91C9-E81F5B14C9DA}.Debug|Any CPU.ActiveCfg = Debug|Any CPU
		{A4D7A353-ECB4-4299-91C9-E81F5B14C9DA}.Debug|Any CPU.Build.0 = Debug|Any CPU
		{A4D7A353-ECB4-4299-91C9-E81F5B14C9DA}.Release|Any CPU.ActiveCfg = Release|Any CPU
		{A4D7A353-ECB4-4299-91C9-E81F5B14C9DA}.Release|Any CPU.Build.0 = Release|Any CPU
	EndGlobalSection
	GlobalSection(SolutionProperties) = preSolution
		HideSolutionNode = FALSE
	EndGlobalSection
	GlobalSection(ExtensibilityGlobals) = postSolution
		SolutionGuid = {60C645EE-3ABF-4256-9914-654397104C4C}
	EndGlobalSection
EndGlobal
