
Microsoft Visual Studio Solution File, Format Version 12.00
# Visual Studio Version 17
VisualStudioVersion = 17.10.35201.131
MinimumVisualStudioVersion = 10.0.40219.1
Project("{FAE04EC0-301F-11D3-BF4B-00C04F79EFBC}") = "StackAndQueue", "StackAndQueue\StackAndQueue.csproj", "{00842ECB-5C8C-44C1-9727-15502AB1683A}"
EndProject
Project("{FAE04EC0-301F-11D3-BF4B-00C04F79EFBC}") = "StackAndQueueTest", "StackAndQueueTest\StackAndQueueTest.csproj", "{8397DEA3-1B67-4615-AA28-8657184B8F7D}"
EndProject
Project("{2150E333-8FDC-42A3-9474-1A3956D46DE8}") = "Solution Items", "Solution Items", "{EE4A5E9E-8CBA-49A7-B558-77BA3DFD7EC8}"
	ProjectSection(SolutionItems) = preProject
		output.png = output.png
		README.md = README.md
	EndProjectSection
EndProject
Global
	GlobalSection(SolutionConfigurationPlatforms) = preSolution
		Debug|Any CPU = Debug|Any CPU
		Release|Any CPU = Release|Any CPU
	EndGlobalSection
	GlobalSection(ProjectConfigurationPlatforms) = postSolution
		{00842ECB-5C8C-44C1-9727-15502AB1683A}.Debug|Any CPU.ActiveCfg = Debug|Any CPU
		{00842ECB-5C8C-44C1-9727-15502AB1683A}.Debug|Any CPU.Build.0 = Debug|Any CPU
		{00842ECB-5C8C-44C1-9727-15502AB1683A}.Release|Any CPU.ActiveCfg = Release|Any CPU
		{00842ECB-5C8C-44C1-9727-15502AB1683A}.Release|Any CPU.Build.0 = Release|Any CPU
		{8397DEA3-1B67-4615-AA28-8657184B8F7D}.Debug|Any CPU.ActiveCfg = Debug|Any CPU
		{8397DEA3-1B67-4615-AA28-8657184B8F7D}.Debug|Any CPU.Build.0 = Debug|Any CPU
		{8397DEA3-1B67-4615-AA28-8657184B8F7D}.Release|Any CPU.ActiveCfg = Release|Any CPU
		{8397DEA3-1B67-4615-AA28-8657184B8F7D}.Release|Any CPU.Build.0 = Release|Any CPU
	EndGlobalSection
	GlobalSection(SolutionProperties) = preSolution
		HideSolutionNode = FALSE
	EndGlobalSection
	GlobalSection(ExtensibilityGlobals) = postSolution
		SolutionGuid = {B44AF811-6E07-4C6D-BB6F-330CD8201E61}
	EndGlobalSection
EndGlobal
